
Microsoft Visual Studio Solution File, Format Version 12.00
# Visual Studio Version 17
VisualStudioVersion = 17.7.34031.279
MinimumVisualStudioVersion = 10.0.40219.1
Project("{8BC9CEB8-8B4A-11D0-8D11-00A0C91BC942}") = "MinesweeperClone", "MinesweeperClone.vcxproj", "{DB136EEF-4838-4677-AA01-C609A2DDA901}"
EndProject
Global
	GlobalSection(SolutionConfigurationPlatforms) = preSolution
		Debug|x64 = Debug|x64
		Debug|x86 = Debug|x86
		Release|x64 = Release|x64
		Release|x86 = Release|x86
	EndGlobalSection
	GlobalSection(ProjectConfigurationPlatforms) = postSolution
		{DB136EEF-4838-4677-AA01-C609A2DDA901}.Debug|x64.ActiveCfg = Debug|x64
		{DB136EEF-4838-4677-AA01-C609A2DDA901}.Debug|x64.Build.0 = Debug|x64
		{DB136EEF-4838-4677-AA01-C609A2DDA901}.Debug|x86.ActiveCfg = Debug|Win32
		{DB136EEF-4838-4677-AA01-C609A2DDA901}.Debug|x86.Build.0 = Debug|Win32
		{DB136EEF-4838-4677-AA01-C609A2DDA901}.Release|x64.ActiveCfg = Release|x64
		{DB136EEF-4838-4677-AA01-C609A2DDA901}.Release|x64.Build.0 = Release|x64
		{DB136EEF-4838-4677-AA01-C609A2DDA901}.Release|x86.ActiveCfg = Release|Win32
		{DB136EEF-4838-4677-AA01-C609A2DDA901}.Release|x86.Build.0 = Release|Win32
	EndGlobalSection
	GlobalSection(SolutionProperties) = preSolution
		HideSolutionNode = FALSE
	EndGlobalSection
	GlobalSection(ExtensibilityGlobals) = postSolution
		SolutionGuid = {625E212D-8B14-480D-96E5-0925EF3C4608}
	EndGlobalSection
EndGlobal
